{
  "name": "guardai-monorepo",
  "version": "1.0.0",
  "lockfileVersion": 3,
  "requires": true,
  "packages": {
    "": {
      "name": "guardai-monorepo",
      "version": "1.0.0",
      "license": "UNLICENSED",
      "workspaces": [
        "backend",
        "dashboard"
      ]
    },
    "backend": {
      "version": "1.0.0",
      "devDependencies": {}
    },
    "dashboard": {
      "version": "1.0.0"
    },
    "node_modules/backend": {
      "resolved": "backend",
      "link": true
    },
    "node_modules/dashboard": {
      "resolved": "dashboard",
      "link": true
    }
  }
}
